
Microsoft Visual Studio Solution File, Format Version 11.00
# Visual Studio 2010
Project("{FAE04EC0-301F-11D3-BF4B-00C04F79EFBC}") = "USB_Antivirus", "USB_Antivirus\USB_Antivirus.csproj", "{3aa99397-788a-4abc-a6fb-77cea68a0923}"
EndProject
Global
	GlobalSection(SolutionConfigurationPlatforms) = preSolution
		Debug|Any CPU = Debug|Any CPU
		Release|Any CPU = Release|Any CPU
	EndGlobalSection
	GlobalSection(ProjectConfigurationPlatforms) = postSolution
		{3AA99397-788A-4ABC-A6FB-77CEA68A0923}.Debug|Any CPU.ActiveCfg = Debug|Any CPU
		{3AA99397-788A-4ABC-A6FB-77CEA68A0923}.Debug|Any CPU.Build.0 = Debug|Any CPU
		{3AA99397-788A-4ABC-A6FB-77CEA68A0923}.Release|Any CPU.ActiveCfg = Release|Any CPU
		{3AA99397-788A-4ABC-A6FB-77CEA68A0923}.Release|Any CPU.Build.0 = Release|Any CPU
	EndGlobalSection
EndGlobal
